
Microsoft Visual Studio Solution File, Format Version 12.00
# Visual Studio 15
VisualStudioVersion = 15.0.28307.168
MinimumVisualStudioVersion = 10.0.40219.1
Project("{FAE04EC0-301F-11D3-BF4B-00C04F79EFBC}") = "C0709562", "C0709562\C0709562.csproj", "{E4B7C924-C505-4D9A-9CC5-1ABF0EB8F4DA}"
EndProject
Global
	GlobalSection(SolutionConfigurationPlatforms) = preSolution
		Debug|Any CPU = Debug|Any CPU
		Release|Any CPU = Release|Any CPU
	EndGlobalSection
	GlobalSection(ProjectConfigurationPlatforms) = postSolution
		{E4B7C924-C505-4D9A-9CC5-1ABF0EB8F4DA}.Debug|Any CPU.ActiveCfg = Debug|Any CPU
		{E4B7C924-C505-4D9A-9CC5-1ABF0EB8F4DA}.Debug|Any CPU.Build.0 = Debug|Any CPU
		{E4B7C924-C505-4D9A-9CC5-1ABF0EB8F4DA}.Release|Any CPU.ActiveCfg = Release|Any CPU
		{E4B7C924-C505-4D9A-9CC5-1ABF0EB8F4DA}.Release|Any CPU.Build.0 = Release|Any CPU
	EndGlobalSection
	GlobalSection(SolutionProperties) = preSolution
		HideSolutionNode = FALSE
	EndGlobalSection
	GlobalSection(ExtensibilityGlobals) = postSolution
		SolutionGuid = {B941AA9F-DFAA-403E-9578-868176DD2D8C}
	EndGlobalSection
EndGlobal
